
Microsoft Visual Studio Solution File, Format Version 12.00
# Visual Studio Version 17
VisualStudioVersion = 17.0.31903.59
MinimumVisualStudioVersion = 10.0.40219.1
Project("{2150E333-8FDC-42A3-9474-1A3956D46DE8}") = "src", "src", "{B7B1D405-5EC1-42A0-864C-CD2F305C03A1}"
EndProject
Project("{FAE04EC0-301F-11D3-BF4B-00C04F79EFBC}") = "Nodisla.Cuaderno.Adif", "src\Nodisla.Cuaderno.Adif\Nodisla.Cuaderno.Adif.csproj", "{79062BAC-7D12-4142-816F-0350C82D295D}"
EndProject
Project("{FAE04EC0-301F-11D3-BF4B-00C04F79EFBC}") = "Nodisla.Cuaderno.Aplicacion", "src\Nodisla.Cuaderno.Aplicacion\Nodisla.Cuaderno.Aplicacion.csproj", "{B2DAAAAA-5BD7-41A5-B600-AEA5C9B1A426}"
EndProject
Project("{FAE04EC0-301F-11D3-BF4B-00C04F79EFBC}") = "Nodisla.Cuaderno.Datos", "src\Nodisla.Cuaderno.Datos\Nodisla.Cuaderno.Datos.csproj", "{255F2FF6-043E-4459-9DB4-319C5911C26B}"
EndProject
Project("{FAE04EC0-301F-11D3-BF4B-00C04F79EFBC}") = "Nodisla.Cuaderno.Dominio", "src\Nodisla.Cuaderno.Dominio\Nodisla.Cuaderno.Dominio.csproj", "{EED1A845-9F83-48AF-80ED-389B98D712CB}"
EndProject
Project("{FAE04EC0-301F-11D3-BF4B-00C04F79EFBC}") = "Nodisla.Cuaderno.Infraestructura", "src\Nodisla.Cuaderno.Infraestructura\Nodisla.Cuaderno.Infraestructura.csproj", "{8B1A4251-6351-4FB1-8378-547D868B96D3}"
EndProject
Project("{FAE04EC0-301F-11D3-BF4B-00C04F79EFBC}") = "Nodisla.Cuaderno.Ui", "src\Nodisla.Cuaderno.Ui\Nodisla.Cuaderno.Ui.csproj", "{0C980F85-DB60-4ACB-AF01-698993EA68B1}"
EndProject
Project("{2150E333-8FDC-42A3-9474-1A3956D46DE8}") = "tests", "tests", "{2AB7AA5C-8CDE-4AE9-BB6C-042963F29BB7}"
EndProject
Project("{FAE04EC0-301F-11D3-BF4B-00C04F79EFBC}") = "Nodisla.Cuaderno.Adif.Pruebas", "tests\Nodisla.Cuaderno.Adif.Pruebas\Nodisla.Cuaderno.Adif.Pruebas.csproj", "{F7295D88-20FA-4D77-BCB4-5D58162C1C1B}"
EndProject
Project("{FAE04EC0-301F-11D3-BF4B-00C04F79EFBC}") = "Nodisla.Cuaderno.Aplicacion.Pruebas", "tests\Nodisla.Cuaderno.Aplicacion.Pruebas\Nodisla.Cuaderno.Aplicacion.Pruebas.csproj", "{772C0498-AB10-4D06-935C-CED999F52E6C}"
EndProject
Project("{FAE04EC0-301F-11D3-BF4B-00C04F79EFBC}") = "Nodisla.Cuaderno.Datos.Pruebas", "tests\Nodisla.Cuaderno.Datos.Pruebas\Nodisla.Cuaderno.Datos.Pruebas.csproj", "{A92CBD11-C572-4DC5-8E6E-18457DB9B836}"
EndProject
Project("{FAE04EC0-301F-11D3-BF4B-00C04F79EFBC}") = "Nodisla.Cuaderno.Dominio.Pruebas", "tests\Nodisla.Cuaderno.Dominio.Pruebas\Nodisla.Cuaderno.Dominio.Pruebas.csproj", "{A00EF6A9-D998-4471-A4CD-DC9559727A2A}"
EndProject
Project("{2150E333-8FDC-42A3-9474-1A3956D46DE8}") = "herramientas", "herramientas", "{77D9A64E-0A69-4CF8-B654-4F2F63F7BB02}"
EndProject
Project("{FAE04EC0-301F-11D3-BF4B-00C04F79EFBC}") = "Nodisla.Cuaderno.Herramientas.Importar", "herramientas\Nodisla.Cuaderno.Herramientas.Importar\Nodisla.Cuaderno.Herramientas.Importar.csproj", "{32832B54-9A1E-41CC-9668-5065FAF85DED}"
EndProject
Project("{FAE04EC0-301F-11D3-BF4B-00C04F79EFBC}") = "Nodisla.Cuaderno.Radio", "src\Nodisla.Cuaderno.Radio\Nodisla.Cuaderno.Radio.csproj", "{16CFD11A-3978-4238-AA29-E7A4B24D70DB}"
EndProject
Project("{FAE04EC0-301F-11D3-BF4B-00C04F79EFBC}") = "Nodisla.Cuaderno.Integraciones", "src\Nodisla.Cuaderno.Integraciones\Nodisla.Cuaderno.Integraciones.csproj", "{B11A4BC8-3BE5-4D9D-AC54-DD6A50865D53}"
EndProject
Project("{FAE04EC0-301F-11D3-BF4B-00C04F79EFBC}") = "Nodisla.Cuaderno.Ui.Mapa", "src\Nodisla.Cuaderno.Ui.Mapa\Nodisla.Cuaderno.Ui.Mapa.csproj", "{8ADF552A-AAAE-404E-8682-5981D778F91E}"
EndProject
Project("{FAE04EC0-301F-11D3-BF4B-00C04F79EFBC}") = "Nodisla.Cuaderno.Radio.Pruebas", "tests\Nodisla.Cuaderno.Radio.Pruebas\Nodisla.Cuaderno.Radio.Pruebas.csproj", "{A28D57EA-3435-4EAB-8ADA-F739441C7C99}"
EndProject
Project("{FAE04EC0-301F-11D3-BF4B-00C04F79EFBC}") = "Nodisla.Cuaderno.Integraciones.Pruebas", "tests\Nodisla.Cuaderno.Integraciones.Pruebas\Nodisla.Cuaderno.Integraciones.Pruebas.csproj", "{2994898C-812F-46BA-B9E0-1C496D7A8BFE}"
EndProject
Project("{FAE04EC0-301F-11D3-BF4B-00C04F79EFBC}") = "Nodisla.Cuaderno.Servicios", "src\Nodisla.Cuaderno.Servicios\Nodisla.Cuaderno.Servicios.csproj", "{327FAD4E-D95E-44BC-8A5F-71D02C5B8467}"
EndProject
Project("{FAE04EC0-301F-11D3-BF4B-00C04F79EFBC}") = "Nodisla.Cuaderno.Propagacion", "src\Nodisla.Cuaderno.Propagacion\Nodisla.Cuaderno.Propagacion.csproj", "{0D849A87-490F-4D58-9319-97C351F6AF93}"
EndProject
Project("{FAE04EC0-301F-11D3-BF4B-00C04F79EFBC}") = "Nodisla.Cuaderno.Diplomas", "src\Nodisla.Cuaderno.Diplomas\Nodisla.Cuaderno.Diplomas.csproj", "{AA9A0C88-4F4C-4D4A-8F39-65C64F32A740}"
EndProject
Project("{FAE04EC0-301F-11D3-BF4B-00C04F79EFBC}") = "Nodisla.Cuaderno.Servicios.Pruebas", "tests\Nodisla.Cuaderno.Servicios.Pruebas\Nodisla.Cuaderno.Servicios.Pruebas.csproj", "{03A8CD51-572F-456F-BB91-B05028F2D1CA}"
EndProject
Project("{FAE04EC0-301F-11D3-BF4B-00C04F79EFBC}") = "Nodisla.Cuaderno.Propagacion.Pruebas", "tests\Nodisla.Cuaderno.Propagacion.Pruebas\Nodisla.Cuaderno.Propagacion.Pruebas.csproj", "{882CF121-5472-46F4-87B0-1E31E6BC049C}"
EndProject
Project("{FAE04EC0-301F-11D3-BF4B-00C04F79EFBC}") = "Nodisla.Cuaderno.Diplomas.Pruebas", "tests\Nodisla.Cuaderno.Diplomas.Pruebas\Nodisla.Cuaderno.Diplomas.Pruebas.csproj", "{F2277675-F10C-4EDD-A2AE-89C1B38CB2A4}"
EndProject
Project("{FAE04EC0-301F-11D3-BF4B-00C04F79EFBC}") = "Nodisla.Cuaderno.Audio", "src\Nodisla.Cuaderno.Audio\Nodisla.Cuaderno.Audio.csproj", "{ACB838AA-82B7-4B11-9838-4634E4151E84}"
EndProject
Project("{FAE04EC0-301F-11D3-BF4B-00C04F79EFBC}") = "Nodisla.Cuaderno.Modos", "src\Nodisla.Cuaderno.Modos\Nodisla.Cuaderno.Modos.csproj", "{0406DF89-B058-4761-8503-86B6245DF58C}"
EndProject
Project("{FAE04EC0-301F-11D3-BF4B-00C04F79EFBC}") = "Nodisla.Cuaderno.Audio.Pruebas", "tests\Nodisla.Cuaderno.Audio.Pruebas\Nodisla.Cuaderno.Audio.Pruebas.csproj", "{A13BD82A-29A3-4B86-A7FF-A78068D81C90}"
EndProject
Project("{FAE04EC0-301F-11D3-BF4B-00C04F79EFBC}") = "Nodisla.Cuaderno.Modos.Pruebas", "tests\Nodisla.Cuaderno.Modos.Pruebas\Nodisla.Cuaderno.Modos.Pruebas.csproj", "{CFC57B93-FE70-4A30-985F-18A086E829AC}"
EndProject
Global
	GlobalSection(SolutionConfigurationPlatforms) = preSolution
		Debug|Any CPU = Debug|Any CPU
		Release|Any CPU = Release|Any CPU
	EndGlobalSection
	GlobalSection(SolutionProperties) = preSolution
		HideSolutionNode = FALSE
	EndGlobalSection
	GlobalSection(ProjectConfigurationPlatforms) = postSolution
		{79062BAC-7D12-4142-816F-0350C82D295D}.Debug|Any CPU.ActiveCfg = Debug|Any CPU
		{79062BAC-7D12-4142-816F-0350C82D295D}.Debug|Any CPU.Build.0 = Debug|Any CPU
		{79062BAC-7D12-4142-816F-0350C82D295D}.Release|Any CPU.ActiveCfg = Release|Any CPU
		{79062BAC-7D12-4142-816F-0350C82D295D}.Release|Any CPU.Build.0 = Release|Any CPU
		{B2DAAAAA-5BD7-41A5-B600-AEA5C9B1A426}.Debug|Any CPU.ActiveCfg = Debug|Any CPU
		{B2DAAAAA-5BD7-41A5-B600-AEA5C9B1A426}.Debug|Any CPU.Build.0 = Debug|Any CPU
		{B2DAAAAA-5BD7-41A5-B600-AEA5C9B1A426}.Release|Any CPU.ActiveCfg = Release|Any CPU
		{B2DAAAAA-5BD7-41A5-B600-AEA5C9B1A426}.Release|Any CPU.Build.0 = Release|Any CPU
		{255F2FF6-043E-4459-9DB4-319C5911C26B}.Debug|Any CPU.ActiveCfg = Debug|Any CPU
		{255F2FF6-043E-4459-9DB4-319C5911C26B}.Debug|Any CPU.Build.0 = Debug|Any CPU
		{255F2FF6-043E-4459-9DB4-319C5911C26B}.Release|Any CPU.ActiveCfg = Release|Any CPU
		{255F2FF6-043E-4459-9DB4-319C5911C26B}.Release|Any CPU.Build.0 = Release|Any CPU
		{EED1A845-9F83-48AF-80ED-389B98D712CB}.Debug|Any CPU.ActiveCfg = Debug|Any CPU
		{EED1A845-9F83-48AF-80ED-389B98D712CB}.Debug|Any CPU.Build.0 = Debug|Any CPU
		{EED1A845-9F83-48AF-80ED-389B98D712CB}.Release|Any CPU.ActiveCfg = Release|Any CPU
		{EED1A845-9F83-48AF-80ED-389B98D712CB}.Release|Any CPU.Build.0 = Release|Any CPU
		{8B1A4251-6351-4FB1-8378-547D868B96D3}.Debug|Any CPU.ActiveCfg = Debug|Any CPU
		{8B1A4251-6351-4FB1-8378-547D868B96D3}.Debug|Any CPU.Build.0 = Debug|Any CPU
		{8B1A4251-6351-4FB1-8378-547D868B96D3}.Release|Any CPU.ActiveCfg = Release|Any CPU
		{8B1A4251-6351-4FB1-8378-547D868B96D3}.Release|Any CPU.Build.0 = Release|Any CPU
		{0C980F85-DB60-4ACB-AF01-698993EA68B1}.Debug|Any CPU.ActiveCfg = Debug|Any CPU
		{0C980F85-DB60-4ACB-AF01-698993EA68B1}.Debug|Any CPU.Build.0 = Debug|Any CPU
		{0C980F85-DB60-4ACB-AF01-698993EA68B1}.Release|Any CPU.ActiveCfg = Release|Any CPU
		{0C980F85-DB60-4ACB-AF01-698993EA68B1}.Release|Any CPU.Build.0 = Release|Any CPU
		{F7295D88-20FA-4D77-BCB4-5D58162C1C1B}.Debug|Any CPU.ActiveCfg = Debug|Any CPU
		{F7295D88-20FA-4D77-BCB4-5D58162C1C1B}.Debug|Any CPU.Build.0 = Debug|Any CPU
		{F7295D88-20FA-4D77-BCB4-5D58162C1C1B}.Release|Any CPU.ActiveCfg = Release|Any CPU
		{F7295D88-20FA-4D77-BCB4-5D58162C1C1B}.Release|Any CPU.Build.0 = Release|Any CPU
		{772C0498-AB10-4D06-935C-CED999F52E6C}.Debug|Any CPU.ActiveCfg = Debug|Any CPU
		{772C0498-AB10-4D06-935C-CED999F52E6C}.Debug|Any CPU.Build.0 = Debug|Any CPU
		{772C0498-AB10-4D06-935C-CED999F52E6C}.Release|Any CPU.ActiveCfg = Release|Any CPU
		{772C0498-AB10-4D06-935C-CED999F52E6C}.Release|Any CPU.Build.0 = Release|Any CPU
		{A92CBD11-C572-4DC5-8E6E-18457DB9B836}.Debug|Any CPU.ActiveCfg = Debug|Any CPU
		{A92CBD11-C572-4DC5-8E6E-18457DB9B836}.Debug|Any CPU.Build.0 = Debug|Any CPU
		{A92CBD11-C572-4DC5-8E6E-18457DB9B836}.Release|Any CPU.ActiveCfg = Release|Any CPU
		{A92CBD11-C572-4DC5-8E6E-18457DB9B836}.Release|Any CPU.Build.0 = Release|Any CPU
		{A00EF6A9-D998-4471-A4CD-DC9559727A2A}.Debug|Any CPU.ActiveCfg = Debug|Any CPU
		{A00EF6A9-D998-4471-A4CD-DC9559727A2A}.Debug|Any CPU.Build.0 = Debug|Any CPU
		{A00EF6A9-D998-4471-A4CD-DC9559727A2A}.Release|Any CPU.ActiveCfg = Release|Any CPU
		{A00EF6A9-D998-4471-A4CD-DC9559727A2A}.Release|Any CPU.Build.0 = Release|Any CPU
		{32832B54-9A1E-41CC-9668-5065FAF85DED}.Debug|Any CPU.ActiveCfg = Debug|Any CPU
		{32832B54-9A1E-41CC-9668-5065FAF85DED}.Debug|Any CPU.Build.0 = Debug|Any CPU
		{32832B54-9A1E-41CC-9668-5065FAF85DED}.Release|Any CPU.ActiveCfg = Release|Any CPU
		{32832B54-9A1E-41CC-9668-5065FAF85DED}.Release|Any CPU.Build.0 = Release|Any CPU
		{16CFD11A-3978-4238-AA29-E7A4B24D70DB}.Debug|Any CPU.ActiveCfg = Debug|Any CPU
		{16CFD11A-3978-4238-AA29-E7A4B24D70DB}.Debug|Any CPU.Build.0 = Debug|Any CPU
		{16CFD11A-3978-4238-AA29-E7A4B24D70DB}.Release|Any CPU.ActiveCfg = Release|Any CPU
		{16CFD11A-3978-4238-AA29-E7A4B24D70DB}.Release|Any CPU.Build.0 = Release|Any CPU
		{B11A4BC8-3BE5-4D9D-AC54-DD6A50865D53}.Debug|Any CPU.ActiveCfg = Debug|Any CPU
		{B11A4BC8-3BE5-4D9D-AC54-DD6A50865D53}.Debug|Any CPU.Build.0 = Debug|Any CPU
		{B11A4BC8-3BE5-4D9D-AC54-DD6A50865D53}.Release|Any CPU.ActiveCfg = Release|Any CPU
		{B11A4BC8-3BE5-4D9D-AC54-DD6A50865D53}.Release|Any CPU.Build.0 = Release|Any CPU
		{8ADF552A-AAAE-404E-8682-5981D778F91E}.Debug|Any CPU.ActiveCfg = Debug|Any CPU
		{8ADF552A-AAAE-404E-8682-5981D778F91E}.Debug|Any CPU.Build.0 = Debug|Any CPU
		{8ADF552A-AAAE-404E-8682-5981D778F91E}.Release|Any CPU.ActiveCfg = Release|Any CPU
		{8ADF552A-AAAE-404E-8682-5981D778F91E}.Release|Any CPU.Build.0 = Release|Any CPU
		{A28D57EA-3435-4EAB-8ADA-F739441C7C99}.Debug|Any CPU.ActiveCfg = Debug|Any CPU
		{A28D57EA-3435-4EAB-8ADA-F739441C7C99}.Debug|Any CPU.Build.0 = Debug|Any CPU
		{A28D57EA-3435-4EAB-8ADA-F739441C7C99}.Release|Any CPU.ActiveCfg = Release|Any CPU
		{A28D57EA-3435-4EAB-8ADA-F739441C7C99}.Release|Any CPU.Build.0 = Release|Any CPU
		{2994898C-812F-46BA-B9E0-1C496D7A8BFE}.Debug|Any CPU.ActiveCfg = Debug|Any CPU
		{2994898C-812F-46BA-B9E0-1C496D7A8BFE}.Debug|Any CPU.Build.0 = Debug|Any CPU
		{2994898C-812F-46BA-B9E0-1C496D7A8BFE}.Release|Any CPU.ActiveCfg = Release|Any CPU
		{2994898C-812F-46BA-B9E0-1C496D7A8BFE}.Release|Any CPU.Build.0 = Release|Any CPU
		{327FAD4E-D95E-44BC-8A5F-71D02C5B8467}.Debug|Any CPU.ActiveCfg = Debug|Any CPU
		{327FAD4E-D95E-44BC-8A5F-71D02C5B8467}.Debug|Any CPU.Build.0 = Debug|Any CPU
		{327FAD4E-D95E-44BC-8A5F-71D02C5B8467}.Release|Any CPU.ActiveCfg = Release|Any CPU
		{327FAD4E-D95E-44BC-8A5F-71D02C5B8467}.Release|Any CPU.Build.0 = Release|Any CPU
		{0D849A87-490F-4D58-9319-97C351F6AF93}.Debug|Any CPU.ActiveCfg = Debug|Any CPU
		{0D849A87-490F-4D58-9319-97C351F6AF93}.Debug|Any CPU.Build.0 = Debug|Any CPU
		{0D849A87-490F-4D58-9319-97C351F6AF93}.Release|Any CPU.ActiveCfg = Release|Any CPU
		{0D849A87-490F-4D58-9319-97C351F6AF93}.Release|Any CPU.Build.0 = Release|Any CPU
		{AA9A0C88-4F4C-4D4A-8F39-65C64F32A740}.Debug|Any CPU.ActiveCfg = Debug|Any CPU
		{AA9A0C88-4F4C-4D4A-8F39-65C64F32A740}.Debug|Any CPU.Build.0 = Debug|Any CPU
		{AA9A0C88-4F4C-4D4A-8F39-65C64F32A740}.Release|Any CPU.ActiveCfg = Release|Any CPU
		{AA9A0C88-4F4C-4D4A-8F39-65C64F32A740}.Release|Any CPU.Build.0 = Release|Any CPU
		{03A8CD51-572F-456F-BB91-B05028F2D1CA}.Debug|Any CPU.ActiveCfg = Debug|Any CPU
		{03A8CD51-572F-456F-BB91-B05028F2D1CA}.Debug|Any CPU.Build.0 = Debug|Any CPU
		{03A8CD51-572F-456F-BB91-B05028F2D1CA}.Release|Any CPU.ActiveCfg = Release|Any CPU
		{03A8CD51-572F-456F-BB91-B05028F2D1CA}.Release|Any CPU.Build.0 = Release|Any CPU
		{882CF121-5472-46F4-87B0-1E31E6BC049C}.Debug|Any CPU.ActiveCfg = Debug|Any CPU
		{882CF121-5472-46F4-87B0-1E31E6BC049C}.Debug|Any CPU.Build.0 = Debug|Any CPU
		{882CF121-5472-46F4-87B0-1E31E6BC049C}.Release|Any CPU.ActiveCfg = Release|Any CPU
		{882CF121-5472-46F4-87B0-1E31E6BC049C}.Release|Any CPU.Build.0 = Release|Any CPU
		{F2277675-F10C-4EDD-A2AE-89C1B38CB2A4}.Debug|Any CPU.ActiveCfg = Debug|Any CPU
		{F2277675-F10C-4EDD-A2AE-89C1B38CB2A4}.Debug|Any CPU.Build.0 = Debug|Any CPU
		{F2277675-F10C-4EDD-A2AE-89C1B38CB2A4}.Release|Any CPU.ActiveCfg = Release|Any CPU
		{F2277675-F10C-4EDD-A2AE-89C1B38CB2A4}.Release|Any CPU.Build.0 = Release|Any CPU
		{ACB838AA-82B7-4B11-9838-4634E4151E84}.Debug|Any CPU.ActiveCfg = Debug|Any CPU
		{ACB838AA-82B7-4B11-9838-4634E4151E84}.Debug|Any CPU.Build.0 = Debug|Any CPU
		{ACB838AA-82B7-4B11-9838-4634E4151E84}.Release|Any CPU.ActiveCfg = Release|Any CPU
		{ACB838AA-82B7-4B11-9838-4634E4151E84}.Release|Any CPU.Build.0 = Release|Any CPU
		{0406DF89-B058-4761-8503-86B6245DF58C}.Debug|Any CPU.ActiveCfg = Debug|Any CPU
		{0406DF89-B058-4761-8503-86B6245DF58C}.Debug|Any CPU.Build.0 = Debug|Any CPU
		{0406DF89-B058-4761-8503-86B6245DF58C}.Release|Any CPU.ActiveCfg = Release|Any CPU
		{0406DF89-B058-4761-8503-86B6245DF58C}.Release|Any CPU.Build.0 = Release|Any CPU
		{A13BD82A-29A3-4B86-A7FF-A78068D81C90}.Debug|Any CPU.ActiveCfg = Debug|Any CPU
		{A13BD82A-29A3-4B86-A7FF-A78068D81C90}.Debug|Any CPU.Build.0 = Debug|Any CPU
		{A13BD82A-29A3-4B86-A7FF-A78068D81C90}.Release|Any CPU.ActiveCfg = Release|Any CPU
		{A13BD82A-29A3-4B86-A7FF-A78068D81C90}.Release|Any CPU.Build.0 = Release|Any CPU
		{CFC57B93-FE70-4A30-985F-18A086E829AC}.Debug|Any CPU.ActiveCfg = Debug|Any CPU
		{CFC57B93-FE70-4A30-985F-18A086E829AC}.Debug|Any CPU.Build.0 = Debug|Any CPU
		{CFC57B93-FE70-4A30-985F-18A086E829AC}.Release|Any CPU.ActiveCfg = Release|Any CPU
		{CFC57B93-FE70-4A30-985F-18A086E829AC}.Release|Any CPU.Build.0 = Release|Any CPU
	EndGlobalSection
	GlobalSection(NestedProjects) = preSolution
		{79062BAC-7D12-4142-816F-0350C82D295D} = {B7B1D405-5EC1-42A0-864C-CD2F305C03A1}
		{B2DAAAAA-5BD7-41A5-B600-AEA5C9B1A426} = {B7B1D405-5EC1-42A0-864C-CD2F305C03A1}
		{255F2FF6-043E-4459-9DB4-319C5911C26B} = {B7B1D405-5EC1-42A0-864C-CD2F305C03A1}
		{EED1A845-9F83-48AF-80ED-389B98D712CB} = {B7B1D405-5EC1-42A0-864C-CD2F305C03A1}
		{8B1A4251-6351-4FB1-8378-547D868B96D3} = {B7B1D405-5EC1-42A0-864C-CD2F305C03A1}
		{0C980F85-DB60-4ACB-AF01-698993EA68B1} = {B7B1D405-5EC1-42A0-864C-CD2F305C03A1}
		{F7295D88-20FA-4D77-BCB4-5D58162C1C1B} = {2AB7AA5C-8CDE-4AE9-BB6C-042963F29BB7}
		{772C0498-AB10-4D06-935C-CED999F52E6C} = {2AB7AA5C-8CDE-4AE9-BB6C-042963F29BB7}
		{A92CBD11-C572-4DC5-8E6E-18457DB9B836} = {2AB7AA5C-8CDE-4AE9-BB6C-042963F29BB7}
		{A00EF6A9-D998-4471-A4CD-DC9559727A2A} = {2AB7AA5C-8CDE-4AE9-BB6C-042963F29BB7}
		{32832B54-9A1E-41CC-9668-5065FAF85DED} = {77D9A64E-0A69-4CF8-B654-4F2F63F7BB02}
		{16CFD11A-3978-4238-AA29-E7A4B24D70DB} = {B7B1D405-5EC1-42A0-864C-CD2F305C03A1}
		{B11A4BC8-3BE5-4D9D-AC54-DD6A50865D53} = {B7B1D405-5EC1-42A0-864C-CD2F305C03A1}
		{8ADF552A-AAAE-404E-8682-5981D778F91E} = {B7B1D405-5EC1-42A0-864C-CD2F305C03A1}
		{A28D57EA-3435-4EAB-8ADA-F739441C7C99} = {2AB7AA5C-8CDE-4AE9-BB6C-042963F29BB7}
		{2994898C-812F-46BA-B9E0-1C496D7A8BFE} = {2AB7AA5C-8CDE-4AE9-BB6C-042963F29BB7}
		{327FAD4E-D95E-44BC-8A5F-71D02C5B8467} = {B7B1D405-5EC1-42A0-864C-CD2F305C03A1}
		{0D849A87-490F-4D58-9319-97C351F6AF93} = {B7B1D405-5EC1-42A0-864C-CD2F305C03A1}
		{AA9A0C88-4F4C-4D4A-8F39-65C64F32A740} = {B7B1D405-5EC1-42A0-864C-CD2F305C03A1}
		{03A8CD51-572F-456F-BB91-B05028F2D1CA} = {2AB7AA5C-8CDE-4AE9-BB6C-042963F29BB7}
		{882CF121-5472-46F4-87B0-1E31E6BC049C} = {2AB7AA5C-8CDE-4AE9-BB6C-042963F29BB7}
		{F2277675-F10C-4EDD-A2AE-89C1B38CB2A4} = {2AB7AA5C-8CDE-4AE9-BB6C-042963F29BB7}
		{ACB838AA-82B7-4B11-9838-4634E4151E84} = {B7B1D405-5EC1-42A0-864C-CD2F305C03A1}
		{0406DF89-B058-4761-8503-86B6245DF58C} = {B7B1D405-5EC1-42A0-864C-CD2F305C03A1}
		{A13BD82A-29A3-4B86-A7FF-A78068D81C90} = {2AB7AA5C-8CDE-4AE9-BB6C-042963F29BB7}
		{CFC57B93-FE70-4A30-985F-18A086E829AC} = {2AB7AA5C-8CDE-4AE9-BB6C-042963F29BB7}
	EndGlobalSection
EndGlobal
